
Microsoft Visual Studio Solution File, Format Version 12.00
# Visual Studio Version 16
VisualStudioVersion = 16.0.30907.101
MinimumVisualStudioVersion = 10.0.40219.1
Project("{FAE04EC0-301F-11D3-BF4B-00C04F79EFBC}") = "RevitPlugin", "RevitPlugin\RevitPlugin.csproj", "{03715D01-6212-4292-8B78-FBBA3962DDEA}"
EndProject
Project("{2150E333-8FDC-42A3-9474-1A3956D46DE8}") = "Libs", "Libs", "{77291FBC-E54F-4660-9DF4-B4B797E050D3}"
EndProject
Project("{2150E333-8FDC-42A3-9474-1A3956D46DE8}") = "Common", "Common", "{007127CA-A387-4A78-9077-C2343C2152F2}"
EndProject
Project("{FAE04EC0-301F-11D3-BF4B-00C04F79EFBC}") = "PluginLogics", "PluginLogic\PluginLogics.csproj", "{670D8252-9598-4CCA-822E-70AFC24281DA}"
EndProject
Project("{FAE04EC0-301F-11D3-BF4B-00C04F79EFBC}") = "PluginUtil", "PluginUtils\PluginUtil.csproj", "{9FFBE8DD-85EE-4A09-A6C8-B34D5BDAD4DD}"
EndProject
Project("{FAE04EC0-301F-11D3-BF4B-00C04F79EFBC}") = "Functions", "Functions\Functions.csproj", "{AF5A7A5C-087F-4C13-92B3-10FFB4C8533F}"
EndProject
Project("{2150E333-8FDC-42A3-9474-1A3956D46DE8}") = "Discipline", "Discipline", "{6EA15F09-B87F-4B85-BC5A-DBBC20E1CF2A}"
EndProject
Project("{FAE04EC0-301F-11D3-BF4B-00C04F79EFBC}") = "ArCm", "ArCmd\ArCm.csproj", "{0F07A0B3-B1D1-4F55-B318-EE923A94FD1C}"
EndProject
Project("{930C7802-8A8C-48F9-8165-68863BCCD9DD}") = "Installer", "Installer\Installer.wixproj", "{1C499158-A541-401D-B79F-E85DC42F473D}"
EndProject
Project("{FAE04EC0-301F-11D3-BF4B-00C04F79EFBC}") = "UIBuilder", "UIBuilder\UIBuilder.csproj", "{B3637F7D-9215-40F7-943D-D9460112E628}"
EndProject
Global
	GlobalSection(SolutionConfigurationPlatforms) = preSolution
		Debug|Any CPU = Debug|Any CPU
		Debug|x86 = Debug|x86
		Release|Any CPU = Release|Any CPU
		Release|x86 = Release|x86
	EndGlobalSection
	GlobalSection(ProjectConfigurationPlatforms) = postSolution
		{03715D01-6212-4292-8B78-FBBA3962DDEA}.Debug|Any CPU.ActiveCfg = Debug|Any CPU
		{03715D01-6212-4292-8B78-FBBA3962DDEA}.Debug|Any CPU.Build.0 = Debug|Any CPU
		{03715D01-6212-4292-8B78-FBBA3962DDEA}.Debug|x86.ActiveCfg = Debug|Any CPU
		{03715D01-6212-4292-8B78-FBBA3962DDEA}.Debug|x86.Build.0 = Debug|Any CPU
		{03715D01-6212-4292-8B78-FBBA3962DDEA}.Release|Any CPU.ActiveCfg = Release|Any CPU
		{03715D01-6212-4292-8B78-FBBA3962DDEA}.Release|Any CPU.Build.0 = Release|Any CPU
		{03715D01-6212-4292-8B78-FBBA3962DDEA}.Release|x86.ActiveCfg = Release|Any CPU
		{03715D01-6212-4292-8B78-FBBA3962DDEA}.Release|x86.Build.0 = Release|Any CPU
		{670D8252-9598-4CCA-822E-70AFC24281DA}.Debug|Any CPU.ActiveCfg = Debug|Any CPU
		{670D8252-9598-4CCA-822E-70AFC24281DA}.Debug|Any CPU.Build.0 = Debug|Any CPU
		{670D8252-9598-4CCA-822E-70AFC24281DA}.Debug|x86.ActiveCfg = Debug|Any CPU
		{670D8252-9598-4CCA-822E-70AFC24281DA}.Debug|x86.Build.0 = Debug|Any CPU
		{670D8252-9598-4CCA-822E-70AFC24281DA}.Release|Any CPU.ActiveCfg = Release|Any CPU
		{670D8252-9598-4CCA-822E-70AFC24281DA}.Release|Any CPU.Build.0 = Release|Any CPU
		{670D8252-9598-4CCA-822E-70AFC24281DA}.Release|x86.ActiveCfg = Release|Any CPU
		{670D8252-9598-4CCA-822E-70AFC24281DA}.Release|x86.Build.0 = Release|Any CPU
		{9FFBE8DD-85EE-4A09-A6C8-B34D5BDAD4DD}.Debug|Any CPU.ActiveCfg = Debug|Any CPU
		{9FFBE8DD-85EE-4A09-A6C8-B34D5BDAD4DD}.Debug|Any CPU.Build.0 = Debug|Any CPU
		{9FFBE8DD-85EE-4A09-A6C8-B34D5BDAD4DD}.Debug|x86.ActiveCfg = Debug|Any CPU
		{9FFBE8DD-85EE-4A09-A6C8-B34D5BDAD4DD}.Debug|x86.Build.0 = Debug|Any CPU
		{9FFBE8DD-85EE-4A09-A6C8-B34D5BDAD4DD}.Release|Any CPU.ActiveCfg = Release|Any CPU
		{9FFBE8DD-85EE-4A09-A6C8-B34D5BDAD4DD}.Release|Any CPU.Build.0 = Release|Any CPU
		{9FFBE8DD-85EE-4A09-A6C8-B34D5BDAD4DD}.Release|x86.ActiveCfg = Release|Any CPU
		{9FFBE8DD-85EE-4A09-A6C8-B34D5BDAD4DD}.Release|x86.Build.0 = Release|Any CPU
		{AF5A7A5C-087F-4C13-92B3-10FFB4C8533F}.Debug|Any CPU.ActiveCfg = Debug|Any CPU
		{AF5A7A5C-087F-4C13-92B3-10FFB4C8533F}.Debug|Any CPU.Build.0 = Debug|Any CPU
		{AF5A7A5C-087F-4C13-92B3-10FFB4C8533F}.Debug|x86.ActiveCfg = Debug|Any CPU
		{AF5A7A5C-087F-4C13-92B3-10FFB4C8533F}.Debug|x86.Build.0 = Debug|Any CPU
		{AF5A7A5C-087F-4C13-92B3-10FFB4C8533F}.Release|Any CPU.ActiveCfg = Release|Any CPU
		{AF5A7A5C-087F-4C13-92B3-10FFB4C8533F}.Release|Any CPU.Build.0 = Release|Any CPU
		{AF5A7A5C-087F-4C13-92B3-10FFB4C8533F}.Release|x86.ActiveCfg = Release|Any CPU
		{AF5A7A5C-087F-4C13-92B3-10FFB4C8533F}.Release|x86.Build.0 = Release|Any CPU
		{0F07A0B3-B1D1-4F55-B318-EE923A94FD1C}.Debug|Any CPU.ActiveCfg = Debug|Any CPU
		{0F07A0B3-B1D1-4F55-B318-EE923A94FD1C}.Debug|Any CPU.Build.0 = Debug|Any CPU
		{0F07A0B3-B1D1-4F55-B318-EE923A94FD1C}.Debug|x86.ActiveCfg = Debug|Any CPU
		{0F07A0B3-B1D1-4F55-B318-EE923A94FD1C}.Debug|x86.Build.0 = Debug|Any CPU
		{0F07A0B3-B1D1-4F55-B318-EE923A94FD1C}.Release|Any CPU.ActiveCfg = Release|Any CPU
		{0F07A0B3-B1D1-4F55-B318-EE923A94FD1C}.Release|Any CPU.Build.0 = Release|Any CPU
		{0F07A0B3-B1D1-4F55-B318-EE923A94FD1C}.Release|x86.ActiveCfg = Release|Any CPU
		{0F07A0B3-B1D1-4F55-B318-EE923A94FD1C}.Release|x86.Build.0 = Release|Any CPU
		{1C499158-A541-401D-B79F-E85DC42F473D}.Debug|Any CPU.ActiveCfg = Debug|x86
		{1C499158-A541-401D-B79F-E85DC42F473D}.Debug|x86.ActiveCfg = Debug|x86
		{1C499158-A541-401D-B79F-E85DC42F473D}.Debug|x86.Build.0 = Debug|x86
		{1C499158-A541-401D-B79F-E85DC42F473D}.Release|Any CPU.ActiveCfg = Release|x86
		{1C499158-A541-401D-B79F-E85DC42F473D}.Release|Any CPU.Build.0 = Release|x86
		{1C499158-A541-401D-B79F-E85DC42F473D}.Release|x86.ActiveCfg = Release|x86
		{1C499158-A541-401D-B79F-E85DC42F473D}.Release|x86.Build.0 = Release|x86
		{B3637F7D-9215-40F7-943D-D9460112E628}.Debug|Any CPU.ActiveCfg = Debug|Any CPU
		{B3637F7D-9215-40F7-943D-D9460112E628}.Debug|Any CPU.Build.0 = Debug|Any CPU
		{B3637F7D-9215-40F7-943D-D9460112E628}.Debug|x86.ActiveCfg = Debug|Any CPU
		{B3637F7D-9215-40F7-943D-D9460112E628}.Debug|x86.Build.0 = Debug|Any CPU
		{B3637F7D-9215-40F7-943D-D9460112E628}.Release|Any CPU.ActiveCfg = Release|Any CPU
		{B3637F7D-9215-40F7-943D-D9460112E628}.Release|Any CPU.Build.0 = Release|Any CPU
		{B3637F7D-9215-40F7-943D-D9460112E628}.Release|x86.ActiveCfg = Release|Any CPU
		{B3637F7D-9215-40F7-943D-D9460112E628}.Release|x86.Build.0 = Release|Any CPU
	EndGlobalSection
	GlobalSection(SolutionProperties) = preSolution
		HideSolutionNode = FALSE
	EndGlobalSection
	GlobalSection(NestedProjects) = preSolution
		{007127CA-A387-4A78-9077-C2343C2152F2} = {77291FBC-E54F-4660-9DF4-B4B797E050D3}
		{670D8252-9598-4CCA-822E-70AFC24281DA} = {007127CA-A387-4A78-9077-C2343C2152F2}
		{9FFBE8DD-85EE-4A09-A6C8-B34D5BDAD4DD} = {007127CA-A387-4A78-9077-C2343C2152F2}
		{AF5A7A5C-087F-4C13-92B3-10FFB4C8533F} = {007127CA-A387-4A78-9077-C2343C2152F2}
		{6EA15F09-B87F-4B85-BC5A-DBBC20E1CF2A} = {77291FBC-E54F-4660-9DF4-B4B797E050D3}
		{0F07A0B3-B1D1-4F55-B318-EE923A94FD1C} = {6EA15F09-B87F-4B85-BC5A-DBBC20E1CF2A}
		{B3637F7D-9215-40F7-943D-D9460112E628} = {007127CA-A387-4A78-9077-C2343C2152F2}
	EndGlobalSection
	GlobalSection(ExtensibilityGlobals) = postSolution
		SolutionGuid = {4D7B8AFF-8908-4619-B14D-95022CBBA58B}
	EndGlobalSection
EndGlobal
